
Microsoft Visual Studio Solution File, Format Version 12.00
# Visual Studio Version 17
VisualStudioVersion = 17.0.31717.71
MinimumVisualStudioVersion = 10.0.40219.1
Project("{9A19103F-16F7-4668-BE54-9A1E7A4F7556}") = "DiscosWebSdk.Demo.Blazor", "DiscosWebSdk.Demo.Blazor.csproj", "{31A093C9-8F37-408B-84C3-720A9098D256}"
EndProject
Global
	GlobalSection(SolutionConfigurationPlatforms) = preSolution
		Debug|Any CPU = Debug|Any CPU
		Release|Any CPU = Release|Any CPU
	EndGlobalSection
	GlobalSection(ProjectConfigurationPlatforms) = postSolution
		{31A093C9-8F37-408B-84C3-720A9098D256}.Debug|Any CPU.ActiveCfg = Debug|Any CPU
		{31A093C9-8F37-408B-84C3-720A9098D256}.Debug|Any CPU.Build.0 = Debug|Any CPU
		{31A093C9-8F37-408B-84C3-720A9098D256}.Release|Any CPU.ActiveCfg = Release|Any CPU
		{31A093C9-8F37-408B-84C3-720A9098D256}.Release|Any CPU.Build.0 = Release|Any CPU
	EndGlobalSection
	GlobalSection(SolutionProperties) = preSolution
		HideSolutionNode = FALSE
	EndGlobalSection
	GlobalSection(ExtensibilityGlobals) = postSolution
		SolutionGuid = {419A1041-92B5-438E-A010-4DC131846BAB}
	EndGlobalSection
EndGlobal